
Microsoft Visual Studio Solution File, Format Version 12.00
# Visual Studio Version 17
VisualStudioVersion = 17.0.31903.59
MinimumVisualStudioVersion = 10.0.40219.1
Project("{FAE04EC0-301F-11D3-BF4B-00C04F79EFBC}") = "OBZBarcodeServer", "OBZBarcodeServer\OBZBarcodeServer.csproj", "{69BFC155-C30A-4FA8-ABFE-4A9B9A72D8FF}"
EndProject
Project("{FAE04EC0-301F-11D3-BF4B-00C04F79EFBC}") = "OBZBarcodeTest", "OBZBarcodeTest\OBZBarcodeTest.csproj", "{70102BDE-90C7-4070-8AA2-DBA5900272ED}"
EndProject
Project("{FAE04EC0-301F-11D3-BF4B-00C04F79EFBC}") = "OBZBarcodeScan", "OBZBarcodeScan\OBZBarcodeScan.csproj", "{A4B0A0EC-E8F2-465D-ABE2-AAEF2D407F6D}"
EndProject
Project("{FAE04EC0-301F-11D3-BF4B-00C04F79EFBC}") = "OBZBarcodeTray", "OBZBarcodeTray\OBZBarcodeTray.csproj", "{90841369-1A26-49E0-8A97-BFA83ADFE5DE}"
EndProject
Global
	GlobalSection(SolutionConfigurationPlatforms) = preSolution
		Debug|Any CPU = Debug|Any CPU
		Debug|x64 = Debug|x64
		Debug|x86 = Debug|x86
		Release|Any CPU = Release|Any CPU
		Release|x64 = Release|x64
		Release|x86 = Release|x86
	EndGlobalSection
	GlobalSection(ProjectConfigurationPlatforms) = postSolution
		{69BFC155-C30A-4FA8-ABFE-4A9B9A72D8FF}.Debug|Any CPU.ActiveCfg = Debug|Any CPU
		{69BFC155-C30A-4FA8-ABFE-4A9B9A72D8FF}.Debug|Any CPU.Build.0 = Debug|Any CPU
		{69BFC155-C30A-4FA8-ABFE-4A9B9A72D8FF}.Debug|x64.ActiveCfg = Debug|Any CPU
		{69BFC155-C30A-4FA8-ABFE-4A9B9A72D8FF}.Debug|x64.Build.0 = Debug|Any CPU
		{69BFC155-C30A-4FA8-ABFE-4A9B9A72D8FF}.Debug|x86.ActiveCfg = Debug|Any CPU
		{69BFC155-C30A-4FA8-ABFE-4A9B9A72D8FF}.Debug|x86.Build.0 = Debug|Any CPU
		{69BFC155-C30A-4FA8-ABFE-4A9B9A72D8FF}.Release|Any CPU.ActiveCfg = Release|Any CPU
		{69BFC155-C30A-4FA8-ABFE-4A9B9A72D8FF}.Release|Any CPU.Build.0 = Release|Any CPU
		{69BFC155-C30A-4FA8-ABFE-4A9B9A72D8FF}.Release|x64.ActiveCfg = Release|Any CPU
		{69BFC155-C30A-4FA8-ABFE-4A9B9A72D8FF}.Release|x64.Build.0 = Release|Any CPU
		{69BFC155-C30A-4FA8-ABFE-4A9B9A72D8FF}.Release|x86.ActiveCfg = Release|Any CPU
		{69BFC155-C30A-4FA8-ABFE-4A9B9A72D8FF}.Release|x86.Build.0 = Release|Any CPU
		{70102BDE-90C7-4070-8AA2-DBA5900272ED}.Debug|Any CPU.ActiveCfg = Debug|Any CPU
		{70102BDE-90C7-4070-8AA2-DBA5900272ED}.Debug|Any CPU.Build.0 = Debug|Any CPU
		{70102BDE-90C7-4070-8AA2-DBA5900272ED}.Debug|x64.ActiveCfg = Debug|Any CPU
		{70102BDE-90C7-4070-8AA2-DBA5900272ED}.Debug|x64.Build.0 = Debug|Any CPU
		{70102BDE-90C7-4070-8AA2-DBA5900272ED}.Debug|x86.ActiveCfg = Debug|Any CPU
		{70102BDE-90C7-4070-8AA2-DBA5900272ED}.Debug|x86.Build.0 = Debug|Any CPU
		{70102BDE-90C7-4070-8AA2-DBA5900272ED}.Release|Any CPU.ActiveCfg = Release|Any CPU
		{70102BDE-90C7-4070-8AA2-DBA5900272ED}.Release|Any CPU.Build.0 = Release|Any CPU
		{70102BDE-90C7-4070-8AA2-DBA5900272ED}.Release|x64.ActiveCfg = Release|Any CPU
		{70102BDE-90C7-4070-8AA2-DBA5900272ED}.Release|x64.Build.0 = Release|Any CPU
		{70102BDE-90C7-4070-8AA2-DBA5900272ED}.Release|x86.ActiveCfg = Release|Any CPU
		{70102BDE-90C7-4070-8AA2-DBA5900272ED}.Release|x86.Build.0 = Release|Any CPU
		{A4B0A0EC-E8F2-465D-ABE2-AAEF2D407F6D}.Debug|Any CPU.ActiveCfg = Debug|Any CPU
		{A4B0A0EC-E8F2-465D-ABE2-AAEF2D407F6D}.Debug|Any CPU.Build.0 = Debug|Any CPU
		{A4B0A0EC-E8F2-465D-ABE2-AAEF2D407F6D}.Debug|x64.ActiveCfg = Debug|Any CPU
		{A4B0A0EC-E8F2-465D-ABE2-AAEF2D407F6D}.Debug|x64.Build.0 = Debug|Any CPU
		{A4B0A0EC-E8F2-465D-ABE2-AAEF2D407F6D}.Debug|x86.ActiveCfg = Debug|Any CPU
		{A4B0A0EC-E8F2-465D-ABE2-AAEF2D407F6D}.Debug|x86.Build.0 = Debug|Any CPU
		{A4B0A0EC-E8F2-465D-ABE2-AAEF2D407F6D}.Release|Any CPU.ActiveCfg = Release|Any CPU
		{A4B0A0EC-E8F2-465D-ABE2-AAEF2D407F6D}.Release|Any CPU.Build.0 = Release|Any CPU
		{A4B0A0EC-E8F2-465D-ABE2-AAEF2D407F6D}.Release|x64.ActiveCfg = Release|Any CPU
		{A4B0A0EC-E8F2-465D-ABE2-AAEF2D407F6D}.Release|x64.Build.0 = Release|Any CPU
		{A4B0A0EC-E8F2-465D-ABE2-AAEF2D407F6D}.Release|x86.ActiveCfg = Release|Any CPU
		{A4B0A0EC-E8F2-465D-ABE2-AAEF2D407F6D}.Release|x86.Build.0 = Release|Any CPU
		{90841369-1A26-49E0-8A97-BFA83ADFE5DE}.Debug|Any CPU.ActiveCfg = Debug|Any CPU
		{90841369-1A26-49E0-8A97-BFA83ADFE5DE}.Debug|Any CPU.Build.0 = Debug|Any CPU
		{90841369-1A26-49E0-8A97-BFA83ADFE5DE}.Debug|x64.ActiveCfg = Debug|Any CPU
		{90841369-1A26-49E0-8A97-BFA83ADFE5DE}.Debug|x64.Build.0 = Debug|Any CPU
		{90841369-1A26-49E0-8A97-BFA83ADFE5DE}.Debug|x86.ActiveCfg = Debug|Any CPU
		{90841369-1A26-49E0-8A97-BFA83ADFE5DE}.Debug|x86.Build.0 = Debug|Any CPU
		{90841369-1A26-49E0-8A97-BFA83ADFE5DE}.Release|Any CPU.ActiveCfg = Release|Any CPU
		{90841369-1A26-49E0-8A97-BFA83ADFE5DE}.Release|Any CPU.Build.0 = Release|Any CPU
		{90841369-1A26-49E0-8A97-BFA83ADFE5DE}.Release|x64.ActiveCfg = Release|Any CPU
		{90841369-1A26-49E0-8A97-BFA83ADFE5DE}.Release|x64.Build.0 = Release|Any CPU
		{90841369-1A26-49E0-8A97-BFA83ADFE5DE}.Release|x86.ActiveCfg = Release|Any CPU
		{90841369-1A26-49E0-8A97-BFA83ADFE5DE}.Release|x86.Build.0 = Release|Any CPU
	EndGlobalSection
	GlobalSection(SolutionProperties) = preSolution
		HideSolutionNode = FALSE
	EndGlobalSection
	GlobalSection(ExtensibilityGlobals) = postSolution
		SolutionGuid = {1BE8C2C8-05C1-4ABA-A5DE-E2498877CB84}
	EndGlobalSection
EndGlobal
